
Microsoft Visual Studio Solution File, Format Version 12.00
# Visual Studio Version 17
VisualStudioVersion = 17.9.34728.123
MinimumVisualStudioVersion = 10.0.40219.1
Project("{FAE04EC0-301F-11D3-BF4B-00C04F79EFBC}") = "Bakari", "Bakari.csproj", "{65DD9529-15AD-4619-81B9-B523CD9CADCB}"
EndProject
Global
	GlobalSection(SolutionConfigurationPlatforms) = preSolution
		Debug|Any CPU = Debug|Any CPU
		Release|Any CPU = Release|Any CPU
	EndGlobalSection
	GlobalSection(ProjectConfigurationPlatforms) = postSolution
		{65DD9529-15AD-4619-81B9-B523CD9CADCB}.Debug|Any CPU.ActiveCfg = Debug|Any CPU
		{65DD9529-15AD-4619-81B9-B523CD9CADCB}.Debug|Any CPU.Build.0 = Debug|Any CPU
		{65DD9529-15AD-4619-81B9-B523CD9CADCB}.Release|Any CPU.ActiveCfg = Release|Any CPU
		{65DD9529-15AD-4619-81B9-B523CD9CADCB}.Release|Any CPU.Build.0 = Release|Any CPU
	EndGlobalSection
	GlobalSection(SolutionProperties) = preSolution
		HideSolutionNode = FALSE
	EndGlobalSection
	GlobalSection(ExtensibilityGlobals) = postSolution
		SolutionGuid = {5AC35896-C165-4721-A6AF-C22F08A8A023}
	EndGlobalSection
EndGlobal
